
Microsoft Visual Studio Solution File, Format Version 12.00
# Visual Studio Version 17
VisualStudioVersion = 17.14.37012.4
MinimumVisualStudioVersion = 10.0.40219.1
Project("{FAE04EC0-301F-11D3-BF4B-00C04F79EFBC}") = "SimulaceBanky", "SimulaceBanky.csproj", "{DA8FB4A3-BA45-4D2C-8828-01D0776CA09B}"
EndProject
Project("{FAE04EC0-301F-11D3-BF4B-00C04F79EFBC}") = "BankTests", "..\BankTests\BankTests.csproj", "{B7BBA9B8-0CDB-4002-8107-5AF00696BBA9}"
EndProject
Global
	GlobalSection(SolutionConfigurationPlatforms) = preSolution
		Debug|Any CPU = Debug|Any CPU
		Release|Any CPU = Release|Any CPU
	EndGlobalSection
	GlobalSection(ProjectConfigurationPlatforms) = postSolution
		{DA8FB4A3-BA45-4D2C-8828-01D0776CA09B}.Debug|Any CPU.ActiveCfg = Debug|Any CPU
		{DA8FB4A3-BA45-4D2C-8828-01D0776CA09B}.Debug|Any CPU.Build.0 = Debug|Any CPU
		{DA8FB4A3-BA45-4D2C-8828-01D0776CA09B}.Release|Any CPU.ActiveCfg = Release|Any CPU
		{DA8FB4A3-BA45-4D2C-8828-01D0776CA09B}.Release|Any CPU.Build.0 = Release|Any CPU
		{B7BBA9B8-0CDB-4002-8107-5AF00696BBA9}.Debug|Any CPU.ActiveCfg = Debug|Any CPU
		{B7BBA9B8-0CDB-4002-8107-5AF00696BBA9}.Debug|Any CPU.Build.0 = Debug|Any CPU
		{B7BBA9B8-0CDB-4002-8107-5AF00696BBA9}.Release|Any CPU.ActiveCfg = Release|Any CPU
		{B7BBA9B8-0CDB-4002-8107-5AF00696BBA9}.Release|Any CPU.Build.0 = Release|Any CPU
	EndGlobalSection
	GlobalSection(SolutionProperties) = preSolution
		HideSolutionNode = FALSE
	EndGlobalSection
	GlobalSection(ExtensibilityGlobals) = postSolution
		SolutionGuid = {02EE3C8B-B21A-4A9A-8BED-6A2575751D5A}
	EndGlobalSection
EndGlobal
